PODS:
  - KeychainAccess (4.1.0)
  - Realm (4.3.2):
    - Realm/Headers (= 4.3.2)
  - Realm/Headers (4.3.2)
  - RealmSwift (4.3.2):
    - Realm (= 4.3.2)
  - SwiftGen (6.0.0)
  - SwiftLint (0.39.1)

DEPENDENCIES:
  - KeychainAccess
  - RealmSwift (= 4.3.2)
  - SwiftGen (= 6.0)
  - SwiftLint (= 0.39.1)

SPEC REPOS:
  trunk:
    - KeychainAccess
    - Realm
    - RealmSwift
    - SwiftGen
    - SwiftLint

SPEC CHECKSUMS:
  KeychainAccess: 445e28864fe6d3458b41fa211bcdc39890e8bd5a
  Realm: 5e92902e2875dff4bb0fd02f67bb737c3d5db2bc
  RealmSwift: 9a360fc7bae04fc2e308a34fbd899d5faa2d6b22
  SwiftGen: cd0bb0c9838c3fc90b78d35b19f492711b19eb55
  SwiftLint: 55e96a4a4d537d4a3156859fc1c54bd24851a046

PODFILE CHECKSUM: a07efbd113f4cff8f1e44599baff19b50fd4ca0c

COCOAPODS: 1.9.1
