PODS:
  - SwiftGen (6.0.0)
  - SwiftLint (0.39.1)

DEPENDENCIES:
  - SwiftGen (= 6.0)
  - SwiftLint (= 0.39.1)

SPEC REPOS:
  trunk:
    - SwiftGen
    - SwiftLint

SPEC CHECKSUMS:
  SwiftGen: cd0bb0c9838c3fc90b78d35b19f492711b19eb55
  SwiftLint: 55e96a4a4d537d4a3156859fc1c54bd24851a046

PODFILE CHECKSUM: 73b54bd246caa5f93174ccf5440842e31b8e178e

COCOAPODS: 1.9.0
