// !$*UTF8*$!
{
	archiveVersion = 1;
	classes = {
	};
	objectVersion = 50;
	objects = {

/* Begin PBXBuildFile section */
		14A2943D2414FB6800E846D6 /* Localizable.strings in Resources */ = {isa = PBXBuildFile; fileRef = 14A2943F2414FB6800E846D6 /* Localizable.strings */; };
		14A294472415070700E846D6 /* MainTabBarController.swift in Sources */ = {isa = PBXBuildFile; fileRef = 14A294462415070700E846D6 /* MainTabBarController.swift */; };
		14A2944A2415077100E846D6 /* Coordinator.swift in Sources */ = {isa = PBXBuildFile; fileRef = 14A294492415077100E846D6 /* Coordinator.swift */; };
		14A2944C241507D700E846D6 /* LoginCoordinator.swift in Sources */ = {isa = PBXBuildFile; fileRef = 14A2944B241507D700E846D6 /* LoginCoordinator.swift */; };
		14A2944E241508B900E846D6 /* FilmsTabCoordinator.swift in Sources */ = {isa = PBXBuildFile; fileRef = 14A2944D241508B900E846D6 /* FilmsTabCoordinator.swift */; };
		14A294502415090100E846D6 /* ProfileTabCoordinator.swift in Sources */ = {isa = PBXBuildFile; fileRef = 14A2944F2415090100E846D6 /* ProfileTabCoordinator.swift */; };
		14A294522415094600E846D6 /* FavoriteTabCoordinator.swift in Sources */ = {isa = PBXBuildFile; fileRef = 14A294512415094600E846D6 /* FavoriteTabCoordinator.swift */; };
		14AE8EAF2414EF59006D9D3C /* swiftgen.yml in Resources */ = {isa = PBXBuildFile; fileRef = 14AE8EAE2414EF59006D9D3C /* swiftgen.yml */; };
		14AE8EB12414EFF9006D9D3C /* Images.swift in Sources */ = {isa = PBXBuildFile; fileRef = 14AE8EB02414EFF9006D9D3C /* Images.swift */; };
		14C18A162413B7BA00332C65 /* AppDelegate.swift in Sources */ = {isa = PBXBuildFile; fileRef = 14C18A152413B7BA00332C65 /* AppDelegate.swift */; };
		14C18A1A2413B7BA00332C65 /* LoginViewController.swift in Sources */ = {isa = PBXBuildFile; fileRef = 14C18A192413B7BA00332C65 /* LoginViewController.swift */; };
		14C18A1F2413B7BE00332C65 /* Assets.xcassets in Resources */ = {isa = PBXBuildFile; fileRef = 14C18A1E2413B7BE00332C65 /* Assets.xcassets */; };
		14C18A222413B7BE00332C65 /* LaunchScreen.storyboard in Resources */ = {isa = PBXBuildFile; fileRef = 14C18A202413B7BE00332C65 /* LaunchScreen.storyboard */; };
		14C18A3E2413E4B600332C65 /* colors.json in Resources */ = {isa = PBXBuildFile; fileRef = 14C18A3D2413E4B600332C65 /* colors.json */; };
		14C18A422413EC2500332C65 /* Colors.swift in Sources */ = {isa = PBXBuildFile; fileRef = 14C18A412413EC2500332C65 /* Colors.swift */; };
		14F2366424150B310094444E /* FilmSearchViewController.swift in Sources */ = {isa = PBXBuildFile; fileRef = 14F2366324150B310094444E /* FilmSearchViewController.swift */; };
		14F2366624150BF50094444E /* BaseViewController.swift in Sources */ = {isa = PBXBuildFile; fileRef = 14F2366524150BF50094444E /* BaseViewController.swift */; };
		14F2366824150D6E0094444E /* FavoriteViewController.swift in Sources */ = {isa = PBXBuildFile; fileRef = 14F2366724150D6E0094444E /* FavoriteViewController.swift */; };
		14F2366A24150D890094444E /* ProfileViewController.swift in Sources */ = {isa = PBXBuildFile; fileRef = 14F2366924150D890094444E /* ProfileViewController.swift */; };
		14F2366C24150E040094444E /* swiftlint.yml in Resources */ = {isa = PBXBuildFile; fileRef = 14F2366B24150E040094444E /* swiftlint.yml */; };
		14F927272415158400215707 /* Strings.swift in Sources */ = {isa = PBXBuildFile; fileRef = 14F927262415158300215707 /* Strings.swift */; };
		14F9272924151C2D00215707 /* BaseNavigationController.swift in Sources */ = {isa = PBXBuildFile; fileRef = 14F9272824151C2D00215707 /* BaseNavigationController.swift */; };
		418176E06C822247172A99A9 /* Pods_MovieDB.framework in Frameworks */ = {isa = PBXBuildFile; fileRef = 1FA7B705128673D5417522C0 /* Pods_MovieDB.framework */; };
/* End PBXBuildFile section */

/* Begin PBXFileReference section */
		14A294402414FB7700E846D6 /* en */ = {isa = PBXFileReference; lastKnownFileType = text.plist.strings; name = en; path = en.lproj/Localizable.strings; sourceTree = "<group>"; };
		14A294412414FC7400E846D6 /* ru */ = {isa = PBXFileReference; lastKnownFileType = text.plist.strings; name = ru; path = ru.lproj/Localizable.strings; sourceTree = "<group>"; };
		14A294462415070700E846D6 /* MainTabBarController.swift */ = {isa = PBXFileReference; lastKnownFileType = sourcecode.swift; path = MainTabBarController.swift; sourceTree = "<group>"; };
		14A294492415077100E846D6 /* Coordinator.swift */ = {isa = PBXFileReference; lastKnownFileType = sourcecode.swift; path = Coordinator.swift; sourceTree = "<group>"; };
		14A2944B241507D700E846D6 /* LoginCoordinator.swift */ = {isa = PBXFileReference; lastKnownFileType = sourcecode.swift; path = LoginCoordinator.swift; sourceTree = "<group>"; };
		14A2944D241508B900E846D6 /* FilmsTabCoordinator.swift */ = {isa = PBXFileReference; lastKnownFileType = sourcecode.swift; path = FilmsTabCoordinator.swift; sourceTree = "<group>"; };
		14A2944F2415090100E846D6 /* ProfileTabCoordinator.swift */ = {isa = PBXFileReference; lastKnownFileType = sourcecode.swift; path = ProfileTabCoordinator.swift; sourceTree = "<group>"; };
		14A294512415094600E846D6 /* FavoriteTabCoordinator.swift */ = {isa = PBXFileReference; lastKnownFileType = sourcecode.swift; path = FavoriteTabCoordinator.swift; sourceTree = "<group>"; };
		14AE8EAE2414EF59006D9D3C /* swiftgen.yml */ = {isa = PBXFileReference; fileEncoding = 4; lastKnownFileType = text.yaml; path = swiftgen.yml; sourceTree = "<group>"; };
		14AE8EB02414EFF9006D9D3C /* Images.swift */ = {isa = PBXFileReference; fileEncoding = 4; lastKnownFileType = sourcecode.swift; path = Images.swift; sourceTree = "<group>"; };
		14C18A122413B7BA00332C65 /* MovieDB.app */ = {isa = PBXFileReference; explicitFileType = wrapper.application; includeInIndex = 0; path = MovieDB.app; sourceTree = BUILT_PRODUCTS_DIR; };
		14C18A152413B7BA00332C65 /* AppDelegate.swift */ = {isa = PBXFileReference; lastKnownFileType = sourcecode.swift; path = AppDelegate.swift; sourceTree = "<group>"; };
		14C18A192413B7BA00332C65 /* LoginViewController.swift */ = {isa = PBXFileReference; lastKnownFileType = sourcecode.swift; path = LoginViewController.swift; sourceTree = "<group>"; };
		14C18A1E2413B7BE00332C65 /* Assets.xcassets */ = {isa = PBXFileReference; lastKnownFileType = folder.assetcatalog; path = Assets.xcassets; sourceTree = "<group>"; };
		14C18A212413B7BE00332C65 /* Base */ = {isa = PBXFileReference; lastKnownFileType = file.storyboard; name = Base; path = Base.lproj/LaunchScreen.storyboard; sourceTree = "<group>"; };
		14C18A232413B7BE00332C65 /* Info.plist */ = {isa = PBXFileReference; lastKnownFileType = text.plist.xml; path = Info.plist; sourceTree = "<group>"; };
		14C18A3D2413E4B600332C65 /* colors.json */ = {isa = PBXFileReference; fileEncoding = 4; lastKnownFileType = text.json; path = colors.json; sourceTree = "<group>"; };
		14C18A412413EC2500332C65 /* Colors.swift */ = {isa = PBXFileReference; fileEncoding = 4; lastKnownFileType = sourcecode.swift; path = Colors.swift; sourceTree = "<group>"; };
		14F2366324150B310094444E /* FilmSearchViewController.swift */ = {isa = PBXFileReference; lastKnownFileType = sourcecode.swift; path = FilmSearchViewController.swift; sourceTree = "<group>"; };
		14F2366524150BF50094444E /* BaseViewController.swift */ = {isa = PBXFileReference; lastKnownFileType = sourcecode.swift; path = BaseViewController.swift; sourceTree = "<group>"; };
		14F2366724150D6E0094444E /* FavoriteViewController.swift */ = {isa = PBXFileReference; lastKnownFileType = sourcecode.swift; path = FavoriteViewController.swift; sourceTree = "<group>"; };
		14F2366924150D890094444E /* ProfileViewController.swift */ = {isa = PBXFileReference; lastKnownFileType = sourcecode.swift; path = ProfileViewController.swift; sourceTree = "<group>"; };
		14F2366B24150E040094444E /* swiftlint.yml */ = {isa = PBXFileReference; fileEncoding = 4; lastKnownFileType = text.yaml; path = swiftlint.yml; sourceTree = "<group>"; };
		14F927262415158300215707 /* Strings.swift */ = {isa = PBXFileReference; fileEncoding = 4; lastKnownFileType = sourcecode.swift; path = Strings.swift; sourceTree = "<group>"; };
		14F9272824151C2D00215707 /* BaseNavigationController.swift */ = {isa = PBXFileReference; lastKnownFileType = sourcecode.swift; path = BaseNavigationController.swift; sourceTree = "<group>"; };
		1FA7B705128673D5417522C0 /* Pods_MovieDB.framework */ = {isa = PBXFileReference; explicitFileType = wrapper.framework; includeInIndex = 0; path = Pods_MovieDB.framework; sourceTree = BUILT_PRODUCTS_DIR; };
		5FDD8F5B5DB723AC3E5C5166 /* Pods-MovieDB.debug.xcconfig */ = {isa = PBXFileReference; includeInIndex = 1; lastKnownFileType = text.xcconfig; name = "Pods-MovieDB.debug.xcconfig"; path = "Target Support Files/Pods-MovieDB/Pods-MovieDB.debug.xcconfig"; sourceTree = "<group>"; };
		D508415F5227372EC3DB5884 /* Pods-MovieDB.release.xcconfig */ = {isa = PBXFileReference; includeInIndex = 1; lastKnownFileType = text.xcconfig; name = "Pods-MovieDB.release.xcconfig"; path = "Target Support Files/Pods-MovieDB/Pods-MovieDB.release.xcconfig"; sourceTree = "<group>"; };
/* End PBXFileReference section */

/* Begin PBXFrameworksBuildPhase section */
		14C18A0F2413B7BA00332C65 /* Frameworks */ = {
			isa = PBXFrameworksBuildPhase;
			buildActionMask = 2147483647;
			files = (
				418176E06C822247172A99A9 /* Pods_MovieDB.framework in Frameworks */,
			);
			runOnlyForDeploymentPostprocessing = 0;
		};
/* End PBXFrameworksBuildPhase section */

/* Begin PBXGroup section */
		14A29444241506D000E846D6 /* View */ = {
			isa = PBXGroup;
			children = (
				14A294462415070700E846D6 /* MainTabBarController.swift */,
			);
			path = View;
			sourceTree = "<group>";
		};
		14A29445241506DB00E846D6 /* Style */ = {
			isa = PBXGroup;
			children = (
				14F927262415158300215707 /* Strings.swift */,
				14AE8EB02414EFF9006D9D3C /* Images.swift */,
				14C18A412413EC2500332C65 /* Colors.swift */,
			);
			path = Style;
			sourceTree = "<group>";
		};
		14A294482415074F00E846D6 /* Navigation */ = {
			isa = PBXGroup;
			children = (
				14A294492415077100E846D6 /* Coordinator.swift */,
				14A2944B241507D700E846D6 /* LoginCoordinator.swift */,
				14A2944D241508B900E846D6 /* FilmsTabCoordinator.swift */,
				14A294512415094600E846D6 /* FavoriteTabCoordinator.swift */,
				14A2944F2415090100E846D6 /* ProfileTabCoordinator.swift */,
			);
			path = Navigation;
			sourceTree = "<group>";
		};
		14C18A092413B7BA00332C65 = {
			isa = PBXGroup;
			children = (
				14C18A142413B7BA00332C65 /* MovieDB */,
				14C18A132413B7BA00332C65 /* Products */,
				A879AC493B3605FD4F9BBBB0 /* Pods */,
				43BD91F253DD8D28980AD966 /* Frameworks */,
				14AE8EAE2414EF59006D9D3C /* swiftgen.yml */,
				14F2366B24150E040094444E /* swiftlint.yml */,
			);
			sourceTree = "<group>";
		};
		14C18A132413B7BA00332C65 /* Products */ = {
			isa = PBXGroup;
			children = (
				14C18A122413B7BA00332C65 /* MovieDB.app */,
			);
			name = Products;
			sourceTree = "<group>";
		};
		14C18A142413B7BA00332C65 /* MovieDB */ = {
			isa = PBXGroup;
			children = (
				14C18A382413E07800332C65 /* Client */,
				14C18A372413E06E00332C65 /* Persistency */,
				14C18A362413E05E00332C65 /* Business Logic */,
				14C18A352413E05700332C65 /* Model */,
				14C18A2B2413CF4300332C65 /* Presentation */,
				14C18A2C2413CF5800332C65 /* Application */,
				14C18A292413CEFF00332C65 /* Resources */,
			);
			path = MovieDB;
			sourceTree = "<group>";
		};
		14C18A292413CEFF00332C65 /* Resources */ = {
			isa = PBXGroup;
			children = (
				14C18A3D2413E4B600332C65 /* colors.json */,
				14C18A1E2413B7BE00332C65 /* Assets.xcassets */,
				14C18A202413B7BE00332C65 /* LaunchScreen.storyboard */,
				14A2943F2414FB6800E846D6 /* Localizable.strings */,
			);
			path = Resources;
			sourceTree = "<group>";
		};
		14C18A2B2413CF4300332C65 /* Presentation */ = {
			isa = PBXGroup;
			children = (
				14C18A2E2413DB8D00332C65 /* Login */,
				14C18A2F2413DBD500332C65 /* Make PIN */,
				14C18A312413DCB000332C65 /* Login with PIN */,
				14C18A302413DBE800332C65 /* Film Search */,
				14C18A322413DCF500332C65 /* Film Detail */,
				14C18A332413DD0100332C65 /* Favorite */,
				14C18A342413DD0900332C65 /* Profile */,
				14C18A3F2413E5CE00332C65 /* Common */,
			);
			path = Presentation;
			sourceTree = "<group>";
		};
		14C18A2C2413CF5800332C65 /* Application */ = {
			isa = PBXGroup;
			children = (
				14C18A232413B7BE00332C65 /* Info.plist */,
				14C18A152413B7BA00332C65 /* AppDelegate.swift */,
			);
			path = Application;
			sourceTree = "<group>";
		};
		14C18A2E2413DB8D00332C65 /* Login */ = {
			isa = PBXGroup;
			children = (
				14C18A192413B7BA00332C65 /* LoginViewController.swift */,
			);
			path = Login;
			sourceTree = "<group>";
		};
		14C18A2F2413DBD500332C65 /* Make PIN */ = {
			isa = PBXGroup;
			children = (
			);
			path = "Make PIN";
			sourceTree = "<group>";
		};
		14C18A302413DBE800332C65 /* Film Search */ = {
			isa = PBXGroup;
			children = (
				14F2366324150B310094444E /* FilmSearchViewController.swift */,
			);
			path = "Film Search";
			sourceTree = "<group>";
		};
		14C18A312413DCB000332C65 /* Login with PIN */ = {
			isa = PBXGroup;
			children = (
			);
			path = "Login with PIN";
			sourceTree = "<group>";
		};
		14C18A322413DCF500332C65 /* Film Detail */ = {
			isa = PBXGroup;
			children = (
			);
			path = "Film Detail";
			sourceTree = "<group>";
		};
		14C18A332413DD0100332C65 /* Favorite */ = {
			isa = PBXGroup;
			children = (
				14F2366724150D6E0094444E /* FavoriteViewController.swift */,
			);
			path = Favorite;
			sourceTree = "<group>";
		};
		14C18A342413DD0900332C65 /* Profile */ = {
			isa = PBXGroup;
			children = (
				14F2366924150D890094444E /* ProfileViewController.swift */,
			);
			path = Profile;
			sourceTree = "<group>";
		};
		14C18A352413E05700332C65 /* Model */ = {
			isa = PBXGroup;
			children = (
			);
			path = Model;
			sourceTree = "<group>";
		};
		14C18A362413E05E00332C65 /* Business Logic */ = {
			isa = PBXGroup;
			children = (
			);
			path = "Business Logic";
			sourceTree = "<group>";
		};
		14C18A372413E06E00332C65 /* Persistency */ = {
			isa = PBXGroup;
			children = (
			);
			path = Persistency;
			sourceTree = "<group>";
		};
		14C18A382413E07800332C65 /* Client */ = {
			isa = PBXGroup;
			children = (
			);
			path = Client;
			sourceTree = "<group>";
		};
		14C18A3F2413E5CE00332C65 /* Common */ = {
			isa = PBXGroup;
			children = (
				14A294482415074F00E846D6 /* Navigation */,
				14A29445241506DB00E846D6 /* Style */,
				14A29444241506D000E846D6 /* View */,
				14F2366524150BF50094444E /* BaseViewController.swift */,
				14F9272824151C2D00215707 /* BaseNavigationController.swift */,
			);
			path = Common;
			sourceTree = "<group>";
		};
		43BD91F253DD8D28980AD966 /* Frameworks */ = {
			isa = PBXGroup;
			children = (
				1FA7B705128673D5417522C0 /* Pods_MovieDB.framework */,
			);
			name = Frameworks;
			sourceTree = "<group>";
		};
		A879AC493B3605FD4F9BBBB0 /* Pods */ = {
			isa = PBXGroup;
			children = (
				5FDD8F5B5DB723AC3E5C5166 /* Pods-MovieDB.debug.xcconfig */,
				D508415F5227372EC3DB5884 /* Pods-MovieDB.release.xcconfig */,
			);
			path = Pods;
			sourceTree = "<group>";
		};
/* End PBXGroup section */

/* Begin PBXNativeTarget section */
		14C18A112413B7BA00332C65 /* MovieDB */ = {
			isa = PBXNativeTarget;
			buildConfigurationList = 14C18A262413B7BE00332C65 /* Build configuration list for PBXNativeTarget "MovieDB" */;
			buildPhases = (
				301617A9C6ACD25EA044E29C /* [CP] Check Pods Manifest.lock */,
				14C18A0E2413B7BA00332C65 /* Sources */,
				14C18A0F2413B7BA00332C65 /* Frameworks */,
				14C18A102413B7BA00332C65 /* Resources */,
				14C18A2D2413D24B00332C65 /* ShellScript */,
			);
			buildRules = (
			);
			dependencies = (
			);
			name = MovieDB;
			productName = MovieDB;
			productReference = 14C18A122413B7BA00332C65 /* MovieDB.app */;
			productType = "com.apple.product-type.application";
		};
/* End PBXNativeTarget section */

/* Begin PBXProject section */
		14C18A0A2413B7BA00332C65 /* Project object */ = {
			isa = PBXProject;
			attributes = {
				LastSwiftUpdateCheck = 1130;
				LastUpgradeCheck = 1130;
				ORGANIZATIONNAME = "Илья Козлов";
				TargetAttributes = {
					14C18A112413B7BA00332C65 = {
						CreatedOnToolsVersion = 11.3.1;
					};
				};
			};
			buildConfigurationList = 14C18A0D2413B7BA00332C65 /* Build configuration list for PBXProject "MovieDB" */;
			compatibilityVersion = "Xcode 9.3";
			developmentRegion = en;
			hasScannedForEncodings = 0;
			knownRegions = (
				en,
				Base,
				ru,
			);
			mainGroup = 14C18A092413B7BA00332C65;
			productRefGroup = 14C18A132413B7BA00332C65 /* Products */;
			projectDirPath = "";
			projectRoot = "";
			targets = (
				14C18A112413B7BA00332C65 /* MovieDB */,
			);
		};
/* End PBXProject section */

/* Begin PBXResourcesBuildPhase section */
		14C18A102413B7BA00332C65 /* Resources */ = {
			isa = PBXResourcesBuildPhase;
			buildActionMask = 2147483647;
			files = (
				14A2943D2414FB6800E846D6 /* Localizable.strings in Resources */,
				14F2366C24150E040094444E /* swiftlint.yml in Resources */,
				14C18A3E2413E4B600332C65 /* colors.json in Resources */,
				14C18A222413B7BE00332C65 /* LaunchScreen.storyboard in Resources */,
				14C18A1F2413B7BE00332C65 /* Assets.xcassets in Resources */,
				14AE8EAF2414EF59006D9D3C /* swiftgen.yml in Resources */,
			);
			runOnlyForDeploymentPostprocessing = 0;
		};
/* End PBXResourcesBuildPhase section */

/* Begin PBXShellScriptBuildPhase section */
		14C18A2D2413D24B00332C65 /* ShellScript */ = {
			isa = PBXShellScriptBuildPhase;
			buildActionMask = 2147483647;
			files = (
			);
			inputFileListPaths = (
			);
			inputPaths = (
			);
			outputFileListPaths = (
			);
			outputPaths = (
			);
			runOnlyForDeploymentPostprocessing = 0;
			shellPath = /bin/sh;
			shellScript = "$PODS_ROOT/SwiftLint/swiftlint --config $SRCROOT/swiftlint.yml\n$PODS_ROOT/SwiftGen/bin/swiftgen\n";
		};
		301617A9C6ACD25EA044E29C /* [CP] Check Pods Manifest.lock */ = {
			isa = PBXShellScriptBuildPhase;
			buildActionMask = 2147483647;
			files = (
			);
			inputFileListPaths = (
			);
			inputPaths = (
				"${PODS_PODFILE_DIR_PATH}/Podfile.lock",
				"${PODS_ROOT}/Manifest.lock",
			);
			name = "[CP] Check Pods Manifest.lock";
			outputFileListPaths = (
			);
			outputPaths = (
				"$(DERIVED_FILE_DIR)/Pods-MovieDB-checkManifestLockResult.txt",
			);
			runOnlyForDeploymentPostprocessing = 0;
			shellPath = /bin/sh;
			shellScript = "diff \"${PODS_PODFILE_DIR_PATH}/Podfile.lock\" \"${PODS_ROOT}/Manifest.lock\" > /dev/null\nif [ $? != 0 ] ; then\n    # print error to STDERR\n    echo \"error: The sandbox is not in sync with the Podfile.lock. Run 'pod install' or update your CocoaPods installation.\" >&2\n    exit 1\nfi\n# This output is used by Xcode 'outputs' to avoid re-running this script phase.\necho \"SUCCESS\" > \"${SCRIPT_OUTPUT_FILE_0}\"\n";
			showEnvVarsInLog = 0;
		};
/* End PBXShellScriptBuildPhase section */

/* Begin PBXSourcesBuildPhase section */
		14C18A0E2413B7BA00332C65 /* Sources */ = {
			isa = PBXSourcesBuildPhase;
			buildActionMask = 2147483647;
			files = (
				14F2366624150BF50094444E /* BaseViewController.swift in Sources */,
				14C18A1A2413B7BA00332C65 /* LoginViewController.swift in Sources */,
				14AE8EB12414EFF9006D9D3C /* Images.swift in Sources */,
				14A294472415070700E846D6 /* MainTabBarController.swift in Sources */,
				14A2944E241508B900E846D6 /* FilmsTabCoordinator.swift in Sources */,
				14C18A422413EC2500332C65 /* Colors.swift in Sources */,
				14F2366424150B310094444E /* FilmSearchViewController.swift in Sources */,
				14F927272415158400215707 /* Strings.swift in Sources */,
				14F9272924151C2D00215707 /* BaseNavigationController.swift in Sources */,
				14C18A162413B7BA00332C65 /* AppDelegate.swift in Sources */,
				14A294522415094600E846D6 /* FavoriteTabCoordinator.swift in Sources */,
				14F2366824150D6E0094444E /* FavoriteViewController.swift in Sources */,
				14A2944C241507D700E846D6 /* LoginCoordinator.swift in Sources */,
				14F2366A24150D890094444E /* ProfileViewController.swift in Sources */,
				14A294502415090100E846D6 /* ProfileTabCoordinator.swift in Sources */,
				14A2944A2415077100E846D6 /* Coordinator.swift in Sources */,
			);
			runOnlyForDeploymentPostprocessing = 0;
		};
/* End PBXSourcesBuildPhase section */

/* Begin PBXVariantGroup section */
		14A2943F2414FB6800E846D6 /* Localizable.strings */ = {
			isa = PBXVariantGroup;
			children = (
				14A294402414FB7700E846D6 /* en */,
				14A294412414FC7400E846D6 /* ru */,
			);
			name = Localizable.strings;
			sourceTree = "<group>";
		};
		14C18A202413B7BE00332C65 /* LaunchScreen.storyboard */ = {
			isa = PBXVariantGroup;
			children = (
				14C18A212413B7BE00332C65 /* Base */,
			);
			name = LaunchScreen.storyboard;
			sourceTree = "<group>";
		};
/* End PBXVariantGroup section */

/* Begin XCBuildConfiguration section */
		14C18A242413B7BE00332C65 /* Debug */ = {
			isa = XCBuildConfiguration;
			buildSettings = {
				ALWAYS_SEARCH_USER_PATHS = NO;
				CLANG_ANALYZER_LOCALIZABILITY_NONLOCALIZED = YES;
				CLANG_ANALYZER_NONNULL = YES;
				CLANG_ANALYZER_NUMBER_OBJECT_CONVERSION = YES_AGGRESSIVE;
				CLANG_CXX_LANGUAGE_STANDARD = "gnu++14";
				CLANG_CXX_LIBRARY = "libc++";
				CLANG_ENABLE_MODULES = YES;
				CLANG_ENABLE_OBJC_ARC = YES;
				CLANG_ENABLE_OBJC_WEAK = YES;
				CLANG_WARN_BLOCK_CAPTURE_AUTORELEASING = YES;
				CLANG_WARN_BOOL_CONVERSION = YES;
				CLANG_WARN_COMMA = YES;
				CLANG_WARN_CONSTANT_CONVERSION = YES;
				CLANG_WARN_DEPRECATED_OBJC_IMPLEMENTATIONS = YES;
				CLANG_WARN_DIRECT_OBJC_ISA_USAGE = YES_ERROR;
				CLANG_WARN_DOCUMENTATION_COMMENTS = YES;
				CLANG_WARN_EMPTY_BODY = YES;
				CLANG_WARN_ENUM_CONVERSION = YES;
				CLANG_WARN_INFINITE_RECURSION = YES;
				CLANG_WARN_INT_CONVERSION = YES;
				CLANG_WARN_NON_LITERAL_NULL_CONVERSION = YES;
				CLANG_WARN_OBJC_IMPLICIT_RETAIN_SELF = YES;
				CLANG_WARN_OBJC_LITERAL_CONVERSION = YES;
				CLANG_WARN_OBJC_ROOT_CLASS = YES_ERROR;
				CLANG_WARN_RANGE_LOOP_ANALYSIS = YES;
				CLANG_WARN_STRICT_PROTOTYPES = YES;
				CLANG_WARN_SUSPICIOUS_MOVE = YES;
				CLANG_WARN_UNGUARDED_AVAILABILITY = YES_AGGRESSIVE;
				CLANG_WARN_UNREACHABLE_CODE = YES;
				CLANG_WARN__DUPLICATE_METHOD_MATCH = YES;
				COPY_PHASE_STRIP = NO;
				DEBUG_INFORMATION_FORMAT = dwarf;
				ENABLE_STRICT_OBJC_MSGSEND = YES;
				ENABLE_TESTABILITY = YES;
				GCC_C_LANGUAGE_STANDARD = gnu11;
				GCC_DYNAMIC_NO_PIC = NO;
				GCC_NO_COMMON_BLOCKS = YES;
				GCC_OPTIMIZATION_LEVEL = 0;
				GCC_PREPROCESSOR_DEFINITIONS = (
					"DEBUG=1",
					"$(inherited)",
				);
				GCC_WARN_64_TO_32_BIT_CONVERSION = YES;
				GCC_WARN_ABOUT_RETURN_TYPE = YES_ERROR;
				GCC_WARN_UNDECLARED_SELECTOR = YES;
				GCC_WARN_UNINITIALIZED_AUTOS = YES_AGGRESSIVE;
				GCC_WARN_UNUSED_FUNCTION = YES;
				GCC_WARN_UNUSED_VARIABLE = YES;
				IPHONEOS_DEPLOYMENT_TARGET = 12.0;
				MTL_ENABLE_DEBUG_INFO = INCLUDE_SOURCE;
				MTL_FAST_MATH = YES;
				ONLY_ACTIVE_ARCH = YES;
				SDKROOT = iphoneos;
				SWIFT_ACTIVE_COMPILATION_CONDITIONS = DEBUG;
				SWIFT_OPTIMIZATION_LEVEL = "-Onone";
			};
			name = Debug;
		};
		14C18A252413B7BE00332C65 /* Release */ = {
			isa = XCBuildConfiguration;
			buildSettings = {
				ALWAYS_SEARCH_USER_PATHS = NO;
				CLANG_ANALYZER_LOCALIZABILITY_NONLOCALIZED = YES;
				CLANG_ANALYZER_NONNULL = YES;
				CLANG_ANALYZER_NUMBER_OBJECT_CONVERSION = YES_AGGRESSIVE;
				CLANG_CXX_LANGUAGE_STANDARD = "gnu++14";
				CLANG_CXX_LIBRARY = "libc++";
				CLANG_ENABLE_MODULES = YES;
				CLANG_ENABLE_OBJC_ARC = YES;
				CLANG_ENABLE_OBJC_WEAK = YES;
				CLANG_WARN_BLOCK_CAPTURE_AUTORELEASING = YES;
				CLANG_WARN_BOOL_CONVERSION = YES;
				CLANG_WARN_COMMA = YES;
				CLANG_WARN_CONSTANT_CONVERSION = YES;
				CLANG_WARN_DEPRECATED_OBJC_IMPLEMENTATIONS = YES;
				CLANG_WARN_DIRECT_OBJC_ISA_USAGE = YES_ERROR;
				CLANG_WARN_DOCUMENTATION_COMMENTS = YES;
				CLANG_WARN_EMPTY_BODY = YES;
				CLANG_WARN_ENUM_CONVERSION = YES;
				CLANG_WARN_INFINITE_RECURSION = YES;
				CLANG_WARN_INT_CONVERSION = YES;
				CLANG_WARN_NON_LITERAL_NULL_CONVERSION = YES;
				CLANG_WARN_OBJC_IMPLICIT_RETAIN_SELF = YES;
				CLANG_WARN_OBJC_LITERAL_CONVERSION = YES;
				CLANG_WARN_OBJC_ROOT_CLASS = YES_ERROR;
				CLANG_WARN_RANGE_LOOP_ANALYSIS = YES;
				CLANG_WARN_STRICT_PROTOTYPES = YES;
				CLANG_WARN_SUSPICIOUS_MOVE = YES;
				CLANG_WARN_UNGUARDED_AVAILABILITY = YES_AGGRESSIVE;
				CLANG_WARN_UNREACHABLE_CODE = YES;
				CLANG_WARN__DUPLICATE_METHOD_MATCH = YES;
				COPY_PHASE_STRIP = NO;
				DEBUG_INFORMATION_FORMAT = "dwarf-with-dsym";
				ENABLE_NS_ASSERTIONS = NO;
				ENABLE_STRICT_OBJC_MSGSEND = YES;
				GCC_C_LANGUAGE_STANDARD = gnu11;
				GCC_NO_COMMON_BLOCKS = YES;
				GCC_WARN_64_TO_32_BIT_CONVERSION = YES;
				GCC_WARN_ABOUT_RETURN_TYPE = YES_ERROR;
				GCC_WARN_UNDECLARED_SELECTOR = YES;
				GCC_WARN_UNINITIALIZED_AUTOS = YES_AGGRESSIVE;
				GCC_WARN_UNUSED_FUNCTION = YES;
				GCC_WARN_UNUSED_VARIABLE = YES;
				IPHONEOS_DEPLOYMENT_TARGET = 12.0;
				MTL_ENABLE_DEBUG_INFO = NO;
				MTL_FAST_MATH = YES;
				SDKROOT = iphoneos;
				SWIFT_COMPILATION_MODE = wholemodule;
				SWIFT_OPTIMIZATION_LEVEL = "-O";
				VALIDATE_PRODUCT = YES;
			};
			name = Release;
		};
		14C18A272413B7BE00332C65 /* Debug */ = {
			isa = XCBuildConfiguration;
			baseConfigurationReference = 5FDD8F5B5DB723AC3E5C5166 /* Pods-MovieDB.debug.xcconfig */;
			buildSettings = {
				ASSETCATALOG_COMPILER_APPICON_NAME = AppIcon;
				CODE_SIGN_STYLE = Automatic;
				DEVELOPMENT_TEAM = J38JUKLSM9;
				INFOPLIST_FILE = MovieDB/Application/Info.plist;
				IPHONEOS_DEPLOYMENT_TARGET = 12.0;
				LD_RUNPATH_SEARCH_PATHS = (
					"$(inherited)",
					"@executable_path/Frameworks",
				);
				PRODUCT_BUNDLE_IDENTIFIER = ru.ikozlov.MovieDB;
				PRODUCT_NAME = "$(TARGET_NAME)";
				SWIFT_VERSION = 5.0;
				TARGETED_DEVICE_FAMILY = 1;
			};
			name = Debug;
		};
		14C18A282413B7BE00332C65 /* Release */ = {
			isa = XCBuildConfiguration;
			baseConfigurationReference = D508415F5227372EC3DB5884 /* Pods-MovieDB.release.xcconfig */;
			buildSettings = {
				ASSETCATALOG_COMPILER_APPICON_NAME = AppIcon;
				CODE_SIGN_STYLE = Automatic;
				DEVELOPMENT_TEAM = J38JUKLSM9;
				INFOPLIST_FILE = MovieDB/Application/Info.plist;
				IPHONEOS_DEPLOYMENT_TARGET = 12.0;
				LD_RUNPATH_SEARCH_PATHS = (
					"$(inherited)",
					"@executable_path/Frameworks",
				);
				PRODUCT_BUNDLE_IDENTIFIER = ru.ikozlov.MovieDB;
				PRODUCT_NAME = "$(TARGET_NAME)";
				SWIFT_VERSION = 5.0;
				TARGETED_DEVICE_FAMILY = 1;
			};
			name = Release;
		};
/* End XCBuildConfiguration section */

/* Begin XCConfigurationList section */
		14C18A0D2413B7BA00332C65 /* Build configuration list for PBXProject "MovieDB" */ = {
			isa = XCConfigurationList;
			buildConfigurations = (
				14C18A242413B7BE00332C65 /* Debug */,
				14C18A252413B7BE00332C65 /* Release */,
			);
			defaultConfigurationIsVisible = 0;
			defaultConfigurationName = Release;
		};
		14C18A262413B7BE00332C65 /* Build configuration list for PBXNativeTarget "MovieDB" */ = {
			isa = XCConfigurationList;
			buildConfigurations = (
				14C18A272413B7BE00332C65 /* Debug */,
				14C18A282413B7BE00332C65 /* Release */,
			);
			defaultConfigurationIsVisible = 0;
			defaultConfigurationName = Release;
		};
/* End XCConfigurationList section */
	};
	rootObject = 14C18A0A2413B7BA00332C65 /* Project object */;
}
